
Microsoft Visual Studio Solution File, Format Version 12.00
Project("{2150E333-8FDC-42A3-9474-1A3956D46DE8}") = "src", "src", "{A23E047D-23EF-47D2-9387-EB5CD7364859}"
EndProject
Project("{FAE04EC0-301F-11D3-BF4B-00C04F79EFBC}") = "Orion.Settings.Abstractions", "src\Orion.Settings.Abstractions\Orion.Settings.Abstractions.csproj", "{DBF5A20B-1D40-447C-8CC9-EB177D0A78F6}"
EndProject
Global
	GlobalSection(SolutionConfigurationPlatforms) = preSolution
		Debug|Any CPU = Debug|Any CPU
		Release|Any CPU = Release|Any CPU
	EndGlobalSection
	GlobalSection(ProjectConfigurationPlatforms) = postSolution
		{DBF5A20B-1D40-447C-8CC9-EB177D0A78F6}.Debug|Any CPU.ActiveCfg = Debug|Any CPU
		{DBF5A20B-1D40-447C-8CC9-EB177D0A78F6}.Debug|Any CPU.Build.0 = Debug|Any CPU
		{DBF5A20B-1D40-447C-8CC9-EB177D0A78F6}.Release|Any CPU.ActiveCfg = Release|Any CPU
		{DBF5A20B-1D40-447C-8CC9-EB177D0A78F6}.Release|Any CPU.Build.0 = Release|Any CPU
	EndGlobalSection
	GlobalSection(NestedProjects) = preSolution
		{DBF5A20B-1D40-447C-8CC9-EB177D0A78F6} = {A23E047D-23EF-47D2-9387-EB5CD7364859}
	EndGlobalSection
EndGlobal
